github.com/Nomadcxx/sysc-shell v0.0.0-20260916000424-c949773120ae h1:2Q+cs3ruVxdSNf971tjHOsj8TbkWa7914BKoHa+hvXM=
github.com/Nomadcxx/sysc-shell v0.0.0-20260916000424-c949773120ae/go.mod h1:nyOkE3epQVnp1BtJN3n+9cSkm7eKAxEQ+TSMIfZVSCw=
github.com/Nomadcxx/sysc-shell v0.0.0-20260916001919-a402dac61a4d h1:bnEqKcCWMdaYfQV7Ylvs6oxDa9aHPhi4Xv96vNtjNf0=
github.com/Nomadcxx/sysc-shell v0.0.0-20260916001919-a402dac61a4d/go.mod h1:nyOkE3epQVnp1BtJN3n+9cSkm7eKAxEQ+TSMIfZVSCw=
