github.com/Nomadcxx/sysc-shell v0.0.0-20260916000424-c949773120ae h1:2Q+cs3ruVxdSNf971tjHOsj8TbkWa7914BKoHa+hvXM=
github.com/Nomadcxx/sysc-shell v0.0.0-20260916000424-c949773120ae/go.mod h1:nyOkE3epQVnp1BtJN3n+9cSkm7eKAxEQ+TSMIfZVSCw=
github.com/Nomadcxx/sysc-shell v0.0.0-20260916001919-a402dac61a4d h1:bnEqKcCWMdaYfQV7Ylvs6oxDa9aHPhi4Xv96vNtjNf0=
github.com/Nomadcxx/sysc-shell v0.0.0-20260916001919-a402dac61a4d/go.mod h1:nyOkE3epQVnp1BtJN3n+9cSkm7eKAxEQ+TSMIfZVSCw=
github.com/Nomadcxx/sysc-shell v0.0.0-20260919113526-04fd1c3462cd h1:MK89MSlLzDtLzsnp/iz3webjaQ/O5sOCY9yUwIi2QU0=
github.com/Nomadcxx/sysc-shell v0.0.0-20260919113526-04fd1c3462cd/go.mod h1:Nil6Ysisct4wDUOj+oLw1xXPPGVuDLXtbP44cITMN/w=
